<?xml version="1.0" encoding="utf-8"?>
<Project ToolsVersion="4.0" xmlns="http://schemas.microsoft.com/developer/msbuild/2003">
  <ItemGroup>
    <Filter Include="Source Files">
      <UniqueIdentifier>{4FC737F1-C7A5-4376-A066-2A32D752A2FF}</UniqueIdentifier>
      <Extensions>cpp;c;cc;cxx;def;odl;idl;hpj;bat;asm;asmx</Extensions>
    </Filter>
    <Filter Include="Header Files">
      <UniqueIdentifier>{93995380-89BD-4b04-88EB-625FBE52EBFB}</UniqueIdentifier>
      <Extensions>h;hh;hpp;hxx;hm;inl;inc;xsd</Extensions>
    </Filter>
    <Filter Include="Resource Files">
      <UniqueIdentifier>{67DA6AB6-F800-4c08-8B7A-83BB121AAD01}</UniqueIdentifier>
      <Extensions>rc;ico;cur;bmp;dlg;rc2;rct;bin;rgs;gif;jpg;jpeg;jpe;resx;tiff;tif;png;wav;mfcribbon-ms</Extensions>
    </Filter>
    <Filter Include="Resource Files">
      <UniqueIdentifier>{D9D6E242-F8AF-46E4-B9FD-80ECBC20BA3E}</UniqueIdentifier>
      <Extensions>qrc;*</Extensions>
      <ParseFiles>false</ParseFiles>
    </Filter>
    <Filter Include="Header Files\generator">
      <UniqueIdentifier>{21c50a9c-51eb-4541-9f74-6826f7ede2bf}</UniqueIdentifier>
    </Filter>
    <Filter Include="Source Files\generator">
      <UniqueIdentifier>{7c4b1660-08cd-46bc-80b8-5a8b9c5a686b}</UniqueIdentifier>
    </Filter>
    <Filter Include="Header Files\test">
      <UniqueIdentifier>{dd5ccaad-d708-4a11-b62a-2ae24f7427ea}</UniqueIdentifier>
    </Filter>
  </ItemGroup>
  <ItemGroup>
    <ClCompile Include="main.cpp">
      <Filter>Source Files</Filter>
    </ClCompile>
    <ClCompile Include="Generator.cpp">
      <Filter>Source Files</Filter>
    </ClCompile>
    <ClCompile Include="ConfigLoader.cpp">
      <Filter>Source Files</Filter>
    </ClCompile>
    <ClCompile Include="SqliteGenerator.cpp">
      <Filter>Source Files\generator</Filter>
    </ClCompile>
    <ClCompile Include="AbstractGenerator.cpp">
      <Filter>Source Files\generator</Filter>
    </ClCompile>
    <ClCompile Include="MysqlGenerator.cpp">
      <Filter>Source Files\generator</Filter>
    </ClCompile>
    <ClCompile Include="test\MysqlEntityInclude.cpp">
      <Filter>Header Files\test</Filter>
    </ClCompile>
    <ClCompile Include="test\SqliteEntityInclude.cpp">
      <Filter>Header Files\test</Filter>
    </ClCompile>
    <ClCompile Include="SqlServerGenerator.cpp">
      <Filter>Source Files\generator</Filter>
    </ClCompile>
    <ClCompile Include="test\SqlServerEntityInclude.cpp">
      <Filter>Header Files\test</Filter>
    </ClCompile>
  </ItemGroup>
  <ItemGroup>
    <ClInclude Include="Generator.h">
      <Filter>Header Files</Filter>
    </ClInclude>
    <ClInclude Include="Entity.h">
      <Filter>Header Files</Filter>
    </ClInclude>
    <ClInclude Include="ConfigLoader.h">
      <Filter>Header Files</Filter>
    </ClInclude>
    <ClInclude Include="SqliteGenerator.h">
      <Filter>Header Files\generator</Filter>
    </ClInclude>
    <ClInclude Include="AbstractGenerator.h">
      <Filter>Header Files\generator</Filter>
    </ClInclude>
    <ClInclude Include="MysqlGenerator.h">
      <Filter>Header Files\generator</Filter>
    </ClInclude>
    <ClInclude Include="test\MysqlTest1.h">
      <Filter>Header Files\test</Filter>
    </ClInclude>
    <ClInclude Include="test\MysqlTest2.h">
      <Filter>Header Files\test</Filter>
    </ClInclude>
    <ClInclude Include="test\MysqlTest3.h">
      <Filter>Header Files\test</Filter>
    </ClInclude>
    <ClInclude Include="test\SqliteTest1.h">
      <Filter>Header Files\test</Filter>
    </ClInclude>
    <ClInclude Include="test\SqliteTest2.h">
      <Filter>Header Files\test</Filter>
    </ClInclude>
    <ClInclude Include="SqlServerGenerator.h">
      <Filter>Header Files\generator</Filter>
    </ClInclude>
    <ClInclude Include="test\SqlServerTest1.h">
      <Filter>Header Files\test</Filter>
    </ClInclude>
    <ClInclude Include="test\SqlServerTest2.h">
      <Filter>Header Files\test</Filter>
    </ClInclude>
    <ClInclude Include="test\SqlServerTest3.h">
      <Filter>Header Files\test</Filter>
    </ClInclude>
    <ClInclude Include="test\SqliteTest3.h">
      <Filter>Header Files\test</Filter>
    </ClInclude>
    <ClInclude Include="test\SqliteDefaultTestInt.h">
      <Filter>Header Files\test</Filter>
    </ClInclude>
    <ClInclude Include="test\SqliteDefaultTestStr.h">
      <Filter>Header Files\test</Filter>
    </ClInclude>
    <ClInclude Include="test\MysqlDefaultTestInt.h">
      <Filter>Header Files\test</Filter>
    </ClInclude>
    <ClInclude Include="test\MysqlDefaultTestStr.h">
      <Filter>Header Files\test</Filter>
    </ClInclude>
    <ClInclude Include="test\MysqlDefaultTestTime.h">
      <Filter>Header Files\test</Filter>
    </ClInclude>
    <ClInclude Include="test\SqlServerDefaultTestBytes.h">
      <Filter>Header Files\test</Filter>
    </ClInclude>
    <ClInclude Include="test\SqlServerDefaultTestInt.h">
      <Filter>Header Files\test</Filter>
    </ClInclude>
    <ClInclude Include="test\SqlServerDefaultTestStr.h">
      <Filter>Header Files\test</Filter>
    </ClInclude>
    <ClInclude Include="test\SqlServerDefaultTestTime.h">
      <Filter>Header Files\test</Filter>
    </ClInclude>
  </ItemGroup>
  <ItemGroup>
    <QtRcc Include="Resource.qrc">
      <Filter>Resource Files</Filter>
    </QtRcc>
  </ItemGroup>
  <ItemGroup>
    <Xml Include="test\sqlite_entity.xml">
      <Filter>Resource Files</Filter>
    </Xml>
    <Xml Include="test\mysql_entity.xml">
      <Filter>Resource Files</Filter>
    </Xml>
    <Xml Include="test\sqlserver_entity.xml">
      <Filter>Resource Files</Filter>
    </Xml>
  </ItemGroup>
  <ItemGroup>
    <Text Include="templates\sqlite.txt">
      <Filter>Resource Files</Filter>
    </Text>
    <Text Include="templates\entitydelegate_cpp.txt">
      <Filter>Resource Files</Filter>
    </Text>
    <Text Include="templates\entitydelegate_h.txt">
      <Filter>Resource Files</Filter>
    </Text>
    <Text Include="templates\mysql.txt">
      <Filter>Resource Files</Filter>
    </Text>
    <Text Include="templates\sqlserver.txt">
      <Filter>Resource Files</Filter>
    </Text>
  </ItemGroup>
  <ItemGroup>
    <None Include="README.md">
      <Filter>Resource Files</Filter>
    </None>
  </ItemGroup>
  <ItemGroup>
    <QtMoc Include="test\MysqlEntityInclude.h">
      <Filter>Header Files\test</Filter>
    </QtMoc>
    <QtMoc Include="test\SqliteEntityInclude.h">
      <Filter>Header Files\test</Filter>
    </QtMoc>
    <QtMoc Include="test\SqlServerEntityInclude.h">
      <Filter>Header Files\test</Filter>
    </QtMoc>
  </ItemGroup>
</Project>